
Microsoft Visual Studio Solution File, Format Version 12.00
# Visual Studio Version 17
VisualStudioVersion = 17.14.36414.22 d17.14
MinimumVisualStudioVersion = 10.0.40219.1
Project("{FAE04EC0-301F-11D3-BF4B-00C04F79EFBC}") = "App1", "App1.csproj", "{3CC3872F-9606-47F1-81F5-F0E14C0D4369}"
EndProject
Global
	GlobalSection(SolutionConfigurationPlatforms) = preSolution
		Debug|Any CPU = Debug|Any CPU
		Release|Any CPU = Release|Any CPU
	EndGlobalSection
	GlobalSection(ProjectConfigurationPlatforms) = postSolution
		{3CC3872F-9606-47F1-81F5-F0E14C0D4369}.Debug|Any CPU.ActiveCfg = Debug|Any CPU
		{3CC3872F-9606-47F1-81F5-F0E14C0D4369}.Debug|Any CPU.Build.0 = Debug|Any CPU
		{3CC3872F-9606-47F1-81F5-F0E14C0D4369}.Release|Any CPU.ActiveCfg = Release|Any CPU
		{3CC3872F-9606-47F1-81F5-F0E14C0D4369}.Release|Any CPU.Build.0 = Release|Any CPU
	EndGlobalSection
	GlobalSection(SolutionProperties) = preSolution
		HideSolutionNode = FALSE
	EndGlobalSection
	GlobalSection(ExtensibilityGlobals) = postSolution
		SolutionGuid = {AF753763-6846-4BC4-88CE-762EF5AD223D}
	EndGlobalSection
EndGlobal
